// !$*UTF8*$!
{
	archiveVersion = 1;
	classes = {
	};
	objectVersion = 46;
	objects = {

/* Begin PBXBuildFile section */
		892E3D9F1AC679D40077A364 /* Foundation.framework in Frameworks */ = {isa = PBXBuildFile; fileRef = 892E3D9E1AC679D40077A364 /* Foundation.framework */; };
		892E3DA11AC679D40077A364 /* CoreGraphics.framework in Frameworks */ = {isa = PBXBuildFile; fileRef = 892E3DA01AC679D40077A364 /* CoreGraphics.framework */; };
		892E3DA31AC679D40077A364 /* UIKit.framework in Frameworks */ = {isa = PBXBuildFile; fileRef = 892E3DA21AC679D40077A364 /* UIKit.framework */; };
		892E3DA91AC679D40077A364 /* InfoPlist.strings in Resources */ = {isa = PBXBuildFile; fileRef = 892E3DA71AC679D40077A364 /* InfoPlist.strings */; };
		892E3DAB1AC679D40077A364 /* main.m in Sources */ = {isa = PBXBuildFile; fileRef = 892E3DAA1AC679D40077A364 /* main.m */; };
		892E3DAF1AC679D40077A364 /* DYAppDelegate.m in Sources */ = {isa = PBXBuildFile; fileRef = 892E3DAE1AC679D40077A364 /* DYAppDelegate.m */; };
		892E3DB21AC679D40077A364 /* Main.storyboard in Resources */ = {isa = PBXBuildFile; fileRef = 892E3DB01AC679D40077A364 /* Main.storyboard */; };
		892E3DB51AC679D40077A364 /* DYViewController.m in Sources */ = {isa = PBXBuildFile; fileRef = 892E3DB41AC679D40077A364 /* DYViewController.m */; };
		892E3DB71AC679D40077A364 /* Images.xcassets in Resources */ = {isa = PBXBuildFile; fileRef = 892E3DB61AC679D40077A364 /* Images.xcassets */; };
		892E3DBE1AC679D40077A364 /* XCTest.framework in Frameworks */ = {isa = PBXBuildFile; fileRef = 892E3DBD1AC679D40077A364 /* XCTest.framework */; };
		892E3DBF1AC679D40077A364 /* Foundation.framework in Frameworks */ = {isa = PBXBuildFile; fileRef = 892E3D9E1AC679D40077A364 /* Foundation.framework */; };
		892E3DC01AC679D40077A364 /* UIKit.framework in Frameworks */ = {isa = PBXBuildFile; fileRef = 892E3DA21AC679D40077A364 /* UIKit.framework */; };
		892E3DC81AC679D40077A364 /* InfoPlist.strings in Resources */ = {isa = PBXBuildFile; fileRef = 892E3DC61AC679D40077A364 /* InfoPlist.strings */; };
		892E3DCA1AC679D40077A364 /* _2_____Tests.m in Sources */ = {isa = PBXBuildFile; fileRef = 892E3DC91AC679D40077A364 /* _2_____Tests.m */; };
/* End PBXBuildFile section */

/* Begin PBXContainerItemProxy section */
		892E3DC11AC679D40077A364 /* PBXContainerItemProxy */ = {
			isa = PBXContainerItemProxy;
			containerPortal = 892E3D931AC679D40077A364 /* Project object */;
			proxyType = 1;
			remoteGlobalIDString = 892E3D9A1AC679D40077A364;
			remoteInfo = "02.按钮操作";
		};
/* End PBXContainerItemProxy section */

/* Begin PBXFileReference section */
		892E3D9B1AC679D40077A364 /* 02.按钮操作.app */ = {isa = PBXFileReference; explicitFileType = wrapper.application; includeInIndex = 0; path = "02.按钮操作.app"; sourceTree = BUILT_PRODUCTS_DIR; };
		892E3D9E1AC679D40077A364 /* Foundation.framework */ = {isa = PBXFileReference; lastKnownFileType = wrapper.framework; name = Foundation.framework; path = System/Library/Frameworks/Foundation.framework; sourceTree = SDKROOT; };
		892E3DA01AC679D40077A364 /* CoreGraphics.framework */ = {isa = PBXFileReference; lastKnownFileType = wrapper.framework; name = CoreGraphics.framework; path = System/Library/Frameworks/CoreGraphics.framework; sourceTree = SDKROOT; };
		892E3DA21AC679D40077A364 /* UIKit.framework */ = {isa = PBXFileReference; lastKnownFileType = wrapper.framework; name = UIKit.framework; path = System/Library/Frameworks/UIKit.framework; sourceTree = SDKROOT; };
		892E3DA61AC679D40077A364 /* 02.按钮操作-Info.plist */ = {isa = PBXFileReference; lastKnownFileType = text.plist.xml; path = "02.按钮操作-Info.plist"; sourceTree = "<group>"; };
		892E3DA81AC679D40077A364 /* en */ = {isa = PBXFileReference; lastKnownFileType = text.plist.strings; name = en; path = en.lproj/InfoPlist.strings; sourceTree = "<group>"; };
		892E3DAA1AC679D40077A364 /* main.m */ = {isa = PBXFileReference; lastKnownFileType = sourcecode.c.objc; path = main.m; sourceTree = "<group>"; };
		892E3DAC1AC679D40077A364 /* 02.按钮操作-Prefix.pch */ = {isa = PBXFileReference; lastKnownFileType = sourcecode.c.h; path = "02.按钮操作-Prefix.pch"; sourceTree = "<group>"; };
		892E3DAD1AC679D40077A364 /* DYAppDelegate.h */ = {isa = PBXFileReference; lastKnownFileType = sourcecode.c.h; path = DYAppDelegate.h; sourceTree = "<group>"; };
		892E3DAE1AC679D40077A364 /* DYAppDelegate.m */ = {isa = PBXFileReference; lastKnownFileType = sourcecode.c.objc; path = DYAppDelegate.m; sourceTree = "<group>"; };
		892E3DB11AC679D40077A364 /* Base */ = {isa = PBXFileReference; lastKnownFileType = file.storyboard; name = Base; path = Base.lproj/Main.storyboard; sourceTree = "<group>"; };
		892E3DB31AC679D40077A364 /* DYViewController.h */ = {isa = PBXFileReference; lastKnownFileType = sourcecode.c.h; path = DYViewController.h; sourceTree = "<group>"; };
		892E3DB41AC679D40077A364 /* DYViewController.m */ = {isa = PBXFileReference; lastKnownFileType = sourcecode.c.objc; path = DYViewController.m; sourceTree = "<group>"; wrapsLines = 1; };
		892E3DB61AC679D40077A364 /* Images.xcassets */ = {isa = PBXFileReference; lastKnownFileType = folder.assetcatalog; path = Images.xcassets; sourceTree = "<group>"; };
		892E3DBC1AC679D40077A364 /* 02.按钮操作Tests.xctest */ = {isa = PBXFileReference; explicitFileType = wrapper.cfbundle; includeInIndex = 0; path = "02.按钮操作Tests.xctest"; sourceTree = BUILT_PRODUCTS_DIR; };
		892E3DBD1AC679D40077A364 /* XCTest.framework */ = {isa = PBXFileReference; lastKnownFileType = wrapper.framework; name = XCTest.framework; path = Library/Frameworks/XCTest.framework; sourceTree = DEVELOPER_DIR; };
		892E3DC51AC679D40077A364 /* 02.按钮操作Tests-Info.plist */ = {isa = PBXFileReference; lastKnownFileType = text.plist.xml; path = "02.按钮操作Tests-Info.plist"; sourceTree = "<group>"; };
		892E3DC71AC679D40077A364 /* en */ = {isa = PBXFileReference; lastKnownFileType = text.plist.strings; name = en; path = en.lproj/InfoPlist.strings; sourceTree = "<group>"; };
		892E3DC91AC679D40077A364 /* _2_____Tests.m */ = {isa = PBXFileReference; lastKnownFileType = sourcecode.c.objc; path = "_2_____Tests.m"; sourceTree = "<group>"; };
/* End PBXFileReference section */

/* Begin PBXFrameworksBuildPhase section */
		892E3D981AC679D40077A364 /* Frameworks */ = {
			isa = PBXFrameworksBuildPhase;
			buildActionMask = 2147483647;
			files = (
				892E3DA11AC679D40077A364 /* CoreGraphics.framework in Frameworks */,
				892E3DA31AC679D40077A364 /* UIKit.framework in Frameworks */,
				892E3D9F1AC679D40077A364 /* Foundation.framework in Frameworks */,
			);
			runOnlyForDeploymentPostprocessing = 0;
		};
		892E3DB91AC679D40077A364 /* Frameworks */ = {
			isa = PBXFrameworksBuildPhase;
			buildActionMask = 2147483647;
			files = (
				892E3DBE1AC679D40077A364 /* XCTest.framework in Frameworks */,
				892E3DC01AC679D40077A364 /* UIKit.framework in Frameworks */,
				892E3DBF1AC679D40077A364 /* Foundation.framework in Frameworks */,
			);
			runOnlyForDeploymentPostprocessing = 0;
		};
/* End PBXFrameworksBuildPhase section */

/* Begin PBXGroup section */
		892E3D921AC679D40077A364 = {
			isa = PBXGroup;
			children = (
				892E3DA41AC679D40077A364 /* 02.按钮操作 */,
				892E3DC31AC679D40077A364 /* 02.按钮操作Tests */,
				892E3D9D1AC679D40077A364 /* Frameworks */,
				892E3D9C1AC679D40077A364 /* Products */,
			);
			sourceTree = "<group>";
		};
		892E3D9C1AC679D40077A364 /* Products */ = {
			isa = PBXGroup;
			children = (
				892E3D9B1AC679D40077A364 /* 02.按钮操作.app */,
				892E3DBC1AC679D40077A364 /* 02.按钮操作Tests.xctest */,
			);
			name = Products;
			sourceTree = "<group>";
		};
		892E3D9D1AC679D40077A364 /* Frameworks */ = {
			isa = PBXGroup;
			children = (
				892E3D9E1AC679D40077A364 /* Foundation.framework */,
				892E3DA01AC679D40077A364 /* CoreGraphics.framework */,
				892E3DA21AC679D40077A364 /* UIKit.framework */,
				892E3DBD1AC679D40077A364 /* XCTest.framework */,
			);
			name = Frameworks;
			sourceTree = "<group>";
		};
		892E3DA41AC679D40077A364 /* 02.按钮操作 */ = {
			isa = PBXGroup;
			children = (
				892E3DAD1AC679D40077A364 /* DYAppDelegate.h */,
				892E3DAE1AC679D40077A364 /* DYAppDelegate.m */,
				892E3DB01AC679D40077A364 /* Main.storyboard */,
				892E3DB31AC679D40077A364 /* DYViewController.h */,
				892E3DB41AC679D40077A364 /* DYViewController.m */,
				892E3DB61AC679D40077A364 /* Images.xcassets */,
				892E3DA51AC679D40077A364 /* Supporting Files */,
			);
			path = "02.按钮操作";
			sourceTree = "<group>";
		};
		892E3DA51AC679D40077A364 /* Supporting Files */ = {
			isa = PBXGroup;
			children = (
				892E3DA61AC679D40077A364 /* 02.按钮操作-Info.plist */,
				892E3DA71AC679D40077A364 /* InfoPlist.strings */,
				892E3DAA1AC679D40077A364 /* main.m */,
				892E3DAC1AC679D40077A364 /* 02.按钮操作-Prefix.pch */,
			);
			name = "Supporting Files";
			sourceTree = "<group>";
		};
		892E3DC31AC679D40077A364 /* 02.按钮操作Tests */ = {
			isa = PBXGroup;
			children = (
				892E3DC91AC679D40077A364 /* _2_____Tests.m */,
				892E3DC41AC679D40077A364 /* Supporting Files */,
			);
			path = "02.按钮操作Tests";
			sourceTree = "<group>";
		};
		892E3DC41AC679D40077A364 /* Supporting Files */ = {
			isa = PBXGroup;
			children = (
				892E3DC51AC679D40077A364 /* 02.按钮操作Tests-Info.plist */,
				892E3DC61AC679D40077A364 /* InfoPlist.strings */,
			);
			name = "Supporting Files";
			sourceTree = "<group>";
		};
/* End PBXGroup section */

/* Begin PBXNativeTarget section */
		892E3D9A1AC679D40077A364 /* 02.按钮操作 */ = {
			isa = PBXNativeTarget;
			buildConfigurationList = 892E3DCD1AC679D40077A364 /* Build configuration list for PBXNativeTarget "02.按钮操作" */;
			buildPhases = (
				892E3D971AC679D40077A364 /* Sources */,
				892E3D981AC679D40077A364 /* Frameworks */,
				892E3D991AC679D40077A364 /* Resources */,
			);
			buildRules = (
			);
			dependencies = (
			);
			name = "02.按钮操作";
			productName = "02.按钮操作";
			productReference = 892E3D9B1AC679D40077A364 /* 02.按钮操作.app */;
			productType = "com.apple.product-type.application";
		};
		892E3DBB1AC679D40077A364 /* 02.按钮操作Tests */ = {
			isa = PBXNativeTarget;
			buildConfigurationList = 892E3DD01AC679D40077A364 /* Build configuration list for PBXNativeTarget "02.按钮操作Tests" */;
			buildPhases = (
				892E3DB81AC679D40077A364 /* Sources */,
				892E3DB91AC679D40077A364 /* Frameworks */,
				892E3DBA1AC679D40077A364 /* Resources */,
			);
			buildRules = (
			);
			dependencies = (
				892E3DC21AC679D40077A364 /* PBXTargetDependency */,
			);
			name = "02.按钮操作Tests";
			productName = "02.按钮操作Tests";
			productReference = 892E3DBC1AC679D40077A364 /* 02.按钮操作Tests.xctest */;
			productType = "com.apple.product-type.bundle.unit-test";
		};
/* End PBXNativeTarget section */

/* Begin PBXProject section */
		892E3D931AC679D40077A364 /* Project object */ = {
			isa = PBXProject;
			attributes = {
				CLASSPREFIX = DY;
				LastUpgradeCheck = 0510;
				ORGANIZATIONNAME = YOU;
				TargetAttributes = {
					892E3DBB1AC679D40077A364 = {
						TestTargetID = 892E3D9A1AC679D40077A364;
					};
				};
			};
			buildConfigurationList = 892E3D961AC679D40077A364 /* Build configuration list for PBXProject "02.按钮操作" */;
			compatibilityVersion = "Xcode 3.2";
			developmentRegion = English;
			hasScannedForEncodings = 0;
			knownRegions = (
				en,
				Base,
			);
			mainGroup = 892E3D921AC679D40077A364;
			productRefGroup = 892E3D9C1AC679D40077A364 /* Products */;
			projectDirPath = "";
			projectRoot = "";
			targets = (
				892E3D9A1AC679D40077A364 /* 02.按钮操作 */,
				892E3DBB1AC679D40077A364 /* 02.按钮操作Tests */,
			);
		};
/* End PBXProject section */

/* Begin PBXResourcesBuildPhase section */
		892E3D991AC679D40077A364 /* Resources */ = {
			isa = PBXResourcesBuildPhase;
			buildActionMask = 2147483647;
			files = (
				892E3DB71AC679D40077A364 /* Images.xcassets in Resources */,
				892E3DA91AC679D40077A364 /* InfoPlist.strings in Resources */,
				892E3DB21AC679D40077A364 /* Main.storyboard in Resources */,
			);
			runOnlyForDeploymentPostprocessing = 0;
		};
		892E3DBA1AC679D40077A364 /* Resources */ = {
			isa = PBXResourcesBuildPhase;
			buildActionMask = 2147483647;
			files = (
				892E3DC81AC679D40077A364 /* InfoPlist.strings in Resources */,
			);
			runOnlyForDeploymentPostprocessing = 0;
		};
/* End PBXResourcesBuildPhase section */

/* Begin PBXSourcesBuildPhase section */
		892E3D971AC679D40077A364 /* Sources */ = {
			isa = PBXSourcesBuildPhase;
			buildActionMask = 2147483647;
			files = (
				892E3DAB1AC679D40077A364 /* main.m in Sources */,
				892E3DB51AC679D40077A364 /* DYViewController.m in Sources */,
				892E3DAF1AC679D40077A364 /* DYAppDelegate.m in Sources */,
			);
			runOnlyForDeploymentPostprocessing = 0;
		};
		892E3DB81AC679D40077A364 /* Sources */ = {
			isa = PBXSourcesBuildPhase;
			buildActionMask = 2147483647;
			files = (
				892E3DCA1AC679D40077A364 /* _2_____Tests.m in Sources */,
			);
			runOnlyForDeploymentPostprocessing = 0;
		};
/* End PBXSourcesBuildPhase section */

/* Begin PBXTargetDependency section */
		892E3DC21AC679D40077A364 /* PBXTargetDependency */ = {
			isa = PBXTargetDependency;
			target = 892E3D9A1AC679D40077A364 /* 02.按钮操作 */;
			targetProxy = 892E3DC11AC679D40077A364 /* PBXContainerItemProxy */;
		};
/* End PBXTargetDependency section */

/* Begin PBXVariantGroup section */
		892E3DA71AC679D40077A364 /* InfoPlist.strings */ = {
			isa = PBXVariantGroup;
			children = (
				892E3DA81AC679D40077A364 /* en */,
			);
			name = InfoPlist.strings;
			sourceTree = "<group>";
		};
		892E3DB01AC679D40077A364 /* Main.storyboard */ = {
			isa = PBXVariantGroup;
			children = (
				892E3DB11AC679D40077A364 /* Base */,
			);
			name = Main.storyboard;
			sourceTree = "<group>";
		};
		892E3DC61AC679D40077A364 /* InfoPlist.strings */ = {
			isa = PBXVariantGroup;
			children = (
				892E3DC71AC679D40077A364 /* en */,
			);
			name = InfoPlist.strings;
			sourceTree = "<group>";
		};
/* End PBXVariantGroup section */

/* Begin XCBuildConfiguration section */
		892E3DCB1AC679D40077A364 /* Debug */ = {
			isa = XCBuildConfiguration;
			buildSettings = {
				ALWAYS_SEARCH_USER_PATHS = NO;
				CLANG_CXX_LANGUAGE_STANDARD = "gnu++0x";
				CLANG_CXX_LIBRARY = "libc++";
				CLANG_ENABLE_MODULES = YES;
				CLANG_ENABLE_OBJC_ARC = YES;
				CLANG_WARN_BOOL_CONVERSION = YES;
				CLANG_WARN_CONSTANT_CONVERSION = YES;
				CLANG_WARN_DIRECT_OBJC_ISA_USAGE = YES_ERROR;
				CLANG_WARN_EMPTY_BODY = YES;
				CLANG_WARN_ENUM_CONVERSION = YES;
				CLANG_WARN_INT_CONVERSION = YES;
				CLANG_WARN_OBJC_ROOT_CLASS = YES_ERROR;
				CLANG_WARN__DUPLICATE_METHOD_MATCH = YES;
				"CODE_SIGN_IDENTITY[sdk=iphoneos*]" = "iPhone Developer";
				COPY_PHASE_STRIP = NO;
				GCC_C_LANGUAGE_STANDARD = gnu99;
				GCC_DYNAMIC_NO_PIC = NO;
				GCC_OPTIMIZATION_LEVEL = 0;
				GCC_PREPROCESSOR_DEFINITIONS = (
					"DEBUG=1",
					"$(inherited)",
				);
				GCC_SYMBOLS_PRIVATE_EXTERN = NO;
				GCC_WARN_64_TO_32_BIT_CONVERSION = YES;
				GCC_WARN_ABOUT_RETURN_TYPE = YES_ERROR;
				GCC_WARN_UNDECLARED_SELECTOR = YES;
				GCC_WARN_UNINITIALIZED_AUTOS = YES_AGGRESSIVE;
				GCC_WARN_UNUSED_FUNCTION = YES;
				GCC_WARN_UNUSED_VARIABLE = YES;
				IPHONEOS_DEPLOYMENT_TARGET = 7.1;
				ONLY_ACTIVE_ARCH = YES;
				SDKROOT = iphoneos;
			};
			name = Debug;
		};
		892E3DCC1AC679D40077A364 /* Release */ = {
			isa = XCBuildConfiguration;
			buildSettings = {
				ALWAYS_SEARCH_USER_PATHS = NO;
				CLANG_CXX_LANGUAGE_STANDARD = "gnu++0x";
				CLANG_CXX_LIBRARY = "libc++";
				CLANG_ENABLE_MODULES = YES;
				CLANG_ENABLE_OBJC_ARC = YES;
				CLANG_WARN_BOOL_CONVERSION = YES;
				CLANG_WARN_CONSTANT_CONVERSION = YES;
				CLANG_WARN_DIRECT_OBJC_ISA_USAGE = YES_ERROR;
				CLANG_WARN_EMPTY_BODY = YES;
				CLANG_WARN_ENUM_CONVERSION = YES;
				CLANG_WARN_INT_CONVERSION = YES;
				CLANG_WARN_OBJC_ROOT_CLASS = YES_ERROR;
				CLANG_WARN__DUPLICATE_METHOD_MATCH = YES;
				"CODE_SIGN_IDENTITY[sdk=iphoneos*]" = "iPhone Developer";
				COPY_PHASE_STRIP = YES;
				ENABLE_NS_ASSERTIONS = NO;
				GCC_C_LANGUAGE_STANDARD = gnu99;
				GCC_WARN_64_TO_32_BIT_CONVERSION = YES;
				GCC_WARN_ABOUT_RETURN_TYPE = YES_ERROR;
				GCC_WARN_UNDECLARED_SELECTOR = YES;
				GCC_WARN_UNINITIALIZED_AUTOS = YES_AGGRESSIVE;
				GCC_WARN_UNUSED_FUNCTION = YES;
				GCC_WARN_UNUSED_VARIABLE = YES;
				IPHONEOS_DEPLOYMENT_TARGET = 7.1;
				SDKROOT = iphoneos;
				VALIDATE_PRODUCT = YES;
			};
			name = Release;
		};
		892E3DCE1AC679D40077A364 /* Debug */ = {
			isa = XCBuildConfiguration;
			buildSettings = {
				ASSETCATALOG_COMPILER_APPICON_NAME = AppIcon;
				ASSETCATALOG_COMPILER_LAUNCHIMAGE_NAME = LaunchImage;
				GCC_PRECOMPILE_PREFIX_HEADER = YES;
				GCC_PREFIX_HEADER = "02.按钮操作/02.按钮操作-Prefix.pch";
				INFOPLIST_FILE = "02.按钮操作/02.按钮操作-Info.plist";
				PRODUCT_NAME = "$(TARGET_NAME)";
				WRAPPER_EXTENSION = app;
			};
			name = Debug;
		};
		892E3DCF1AC679D40077A364 /* Release */ = {
			isa = XCBuildConfiguration;
			buildSettings = {
				ASSETCATALOG_COMPILER_APPICON_NAME = AppIcon;
				ASSETCATALOG_COMPILER_LAUNCHIMAGE_NAME = LaunchImage;
				GCC_PRECOMPILE_PREFIX_HEADER = YES;
				GCC_PREFIX_HEADER = "02.按钮操作/02.按钮操作-Prefix.pch";
				INFOPLIST_FILE = "02.按钮操作/02.按钮操作-Info.plist";
				PRODUCT_NAME = "$(TARGET_NAME)";
				WRAPPER_EXTENSION = app;
			};
			name = Release;
		};
		892E3DD11AC679D40077A364 /* Debug */ = {
			isa = XCBuildConfiguration;
			buildSettings = {
				BUNDLE_LOADER = "$(BUILT_PRODUCTS_DIR)/02.按钮操作.app/02.按钮操作";
				FRAMEWORK_SEARCH_PATHS = (
					"$(SDKROOT)/Developer/Library/Frameworks",
					"$(inherited)",
					"$(DEVELOPER_FRAMEWORKS_DIR)",
				);
				GCC_PRECOMPILE_PREFIX_HEADER = YES;
				GCC_PREFIX_HEADER = "02.按钮操作/02.按钮操作-Prefix.pch";
				GCC_PREPROCESSOR_DEFINITIONS = (
					"DEBUG=1",
					"$(inherited)",
				);
				INFOPLIST_FILE = "02.按钮操作Tests/02.按钮操作Tests-Info.plist";
				PRODUCT_NAME = "$(TARGET_NAME)";
				TEST_HOST = "$(BUNDLE_LOADER)";
				WRAPPER_EXTENSION = xctest;
			};
			name = Debug;
		};
		892E3DD21AC679D40077A364 /* Release */ = {
			isa = XCBuildConfiguration;
			buildSettings = {
				BUNDLE_LOADER = "$(BUILT_PRODUCTS_DIR)/02.按钮操作.app/02.按钮操作";
				FRAMEWORK_SEARCH_PATHS = (
					"$(SDKROOT)/Developer/Library/Frameworks",
					"$(inherited)",
					"$(DEVELOPER_FRAMEWORKS_DIR)",
				);
				GCC_PRECOMPILE_PREFIX_HEADER = YES;
				GCC_PREFIX_HEADER = "02.按钮操作/02.按钮操作-Prefix.pch";
				INFOPLIST_FILE = "02.按钮操作Tests/02.按钮操作Tests-Info.plist";
				PRODUCT_NAME = "$(TARGET_NAME)";
				TEST_HOST = "$(BUNDLE_LOADER)";
				WRAPPER_EXTENSION = xctest;
			};
			name = Release;
		};
/* End XCBuildConfiguration section */

/* Begin XCConfigurationList section */
		892E3D961AC679D40077A364 /* Build configuration list for PBXProject "02.按钮操作" */ = {
			isa = XCConfigurationList;
			buildConfigurations = (
				892E3DCB1AC679D40077A364 /* Debug */,
				892E3DCC1AC679D40077A364 /* Release */,
			);
			defaultConfigurationIsVisible = 0;
			defaultConfigurationName = Release;
		};
		892E3DCD1AC679D40077A364 /* Build configuration list for PBXNativeTarget "02.按钮操作" */ = {
			isa = XCConfigurationList;
			buildConfigurations = (
				892E3DCE1AC679D40077A364 /* Debug */,
				892E3DCF1AC679D40077A364 /* Release */,
			);
			defaultConfigurationIsVisible = 0;
		};
		892E3DD01AC679D40077A364 /* Build configuration list for PBXNativeTarget "02.按钮操作Tests" */ = {
			isa = XCConfigurationList;
			buildConfigurations = (
				892E3DD11AC679D40077A364 /* Debug */,
				892E3DD21AC679D40077A364 /* Release */,
			);
			defaultConfigurationIsVisible = 0;
		};
/* End XCConfigurationList section */
	};
	rootObject = 892E3D931AC679D40077A364 /* Project object */;
}
